
Microsoft Visual Studio Solution File, Format Version 12.00
# Visual Studio 2013
VisualStudioVersion = 12.0.30501.0
MinimumVisualStudioVersion = 10.0.40219.1
Project("{FAE04EC0-301F-11D3-BF4B-00C04F79EFBC}") = "LengthConverter.CommandLine", "LengthConverter.CommandLine\LengthConverter.CommandLine.csproj", "{8E8A8039-B815-4A38-A65E-3C916EF79B3A}"
	ProjectSection(ProjectDependencies) = postProject
		{86A620A7-C149-43C8-946C-78E8BD7E57B3} = {86A620A7-C149-43C8-946C-78E8BD7E57B3}
	EndProjectSection
EndProject
Project("{FAE04EC0-301F-11D3-BF4B-00C04F79EFBC}") = "LengthConverter", "LengthConverter\LengthConverter.csproj", "{6493F3E7-1A15-49B0-8F81-F27A6E5ED945}"
EndProject
Project("{FAE04EC0-301F-11D3-BF4B-00C04F79EFBC}") = "LengthConverter.Tests", "LengthConverter.Tests\LengthConverter.Tests.csproj", "{9438ACDE-6E78-492A-904E-2A7921BCA8EA}"
	ProjectSection(ProjectDependencies) = postProject
		{86A620A7-C149-43C8-946C-78E8BD7E57B3} = {86A620A7-C149-43C8-946C-78E8BD7E57B3}
	EndProjectSection
EndProject
Project("{FAE04EC0-301F-11D3-BF4B-00C04F79EFBC}") = "LengthConverter.Extensions", "LengthConverter.Extensions\LengthConverter.Extensions.csproj", "{86A620A7-C149-43C8-946C-78E8BD7E57B3}"
EndProject
Project("{2150E333-8FDC-42A3-9474-1A3956D46DE8}") = "Thrift", "Thrift", "{92E16BB2-1724-4F83-945C-CD36F7465240}"
	ProjectSection(SolutionItems) = preProject
		Thrift\convertLength.thrift = Thrift\convertLength.thrift
		Thrift\gen-csharp\ConvertSvc.cs = Thrift\gen-csharp\ConvertSvc.cs
	EndProjectSection
EndProject
Project("{FAE04EC0-301F-11D3-BF4B-00C04F79EFBC}") = "Thrift", "Thrift\ThriftLib\Thrift.csproj", "{499EB63C-D74C-47E8-AE48-A2FC94538E9D}"
EndProject
Project("{FAE04EC0-301F-11D3-BF4B-00C04F79EFBC}") = "ThriftConvert.Server", "Thrift\ThriftConvert\ThriftConvert.Server.csproj", "{F75AF498-D6C7-4B1E-A011-6BF82EC7F86C}"
EndProject
Project("{FAE04EC0-301F-11D3-BF4B-00C04F79EFBC}") = "ThriftConvert.Client", "Thrift\ThriftConvert.Client\ThriftConvert.Client.csproj", "{D4A72199-65CB-4D25-BF31-58B513632516}"
EndProject
Project("{2150E333-8FDC-42A3-9474-1A3956D46DE8}") = "Python", "Python", "{90F80D2C-3433-48B8-9186-F5EAF0BF3CF1}"
	ProjectSection(SolutionItems) = preProject
		Thrift\ThriftConvert.Python\convert.py = Thrift\ThriftConvert.Python\convert.py
	EndProjectSection
EndProject
Global
	GlobalSection(SolutionConfigurationPlatforms) = preSolution
		Debug|Any CPU = Debug|Any CPU
		Release|Any CPU = Release|Any CPU
	EndGlobalSection
	GlobalSection(ProjectConfigurationPlatforms) = postSolution
		{8E8A8039-B815-4A38-A65E-3C916EF79B3A}.Debug|Any CPU.ActiveCfg = Debug|Any CPU
		{8E8A8039-B815-4A38-A65E-3C916EF79B3A}.Debug|Any CPU.Build.0 = Debug|Any CPU
		{8E8A8039-B815-4A38-A65E-3C916EF79B3A}.Release|Any CPU.ActiveCfg = Release|Any CPU
		{8E8A8039-B815-4A38-A65E-3C916EF79B3A}.Release|Any CPU.Build.0 = Release|Any CPU
		{6493F3E7-1A15-49B0-8F81-F27A6E5ED945}.Debug|Any CPU.ActiveCfg = Debug|Any CPU
		{6493F3E7-1A15-49B0-8F81-F27A6E5ED945}.Debug|Any CPU.Build.0 = Debug|Any CPU
		{6493F3E7-1A15-49B0-8F81-F27A6E5ED945}.Release|Any CPU.ActiveCfg = Release|Any CPU
		{6493F3E7-1A15-49B0-8F81-F27A6E5ED945}.Release|Any CPU.Build.0 = Release|Any CPU
		{9438ACDE-6E78-492A-904E-2A7921BCA8EA}.Debug|Any CPU.ActiveCfg = Debug|Any CPU
		{9438ACDE-6E78-492A-904E-2A7921BCA8EA}.Debug|Any CPU.Build.0 = Debug|Any CPU
		{9438ACDE-6E78-492A-904E-2A7921BCA8EA}.Release|Any CPU.ActiveCfg = Release|Any CPU
		{9438ACDE-6E78-492A-904E-2A7921BCA8EA}.Release|Any CPU.Build.0 = Release|Any CPU
		{86A620A7-C149-43C8-946C-78E8BD7E57B3}.Debug|Any CPU.ActiveCfg = Debug|Any CPU
		{86A620A7-C149-43C8-946C-78E8BD7E57B3}.Debug|Any CPU.Build.0 = Debug|Any CPU
		{86A620A7-C149-43C8-946C-78E8BD7E57B3}.Release|Any CPU.ActiveCfg = Release|Any CPU
		{86A620A7-C149-43C8-946C-78E8BD7E57B3}.Release|Any CPU.Build.0 = Release|Any CPU
		{499EB63C-D74C-47E8-AE48-A2FC94538E9D}.Debug|Any CPU.ActiveCfg = Debug|Any CPU
		{499EB63C-D74C-47E8-AE48-A2FC94538E9D}.Debug|Any CPU.Build.0 = Debug|Any CPU
		{499EB63C-D74C-47E8-AE48-A2FC94538E9D}.Release|Any CPU.ActiveCfg = Release|Any CPU
		{499EB63C-D74C-47E8-AE48-A2FC94538E9D}.Release|Any CPU.Build.0 = Release|Any CPU
		{F75AF498-D6C7-4B1E-A011-6BF82EC7F86C}.Debug|Any CPU.ActiveCfg = Debug|Any CPU
		{F75AF498-D6C7-4B1E-A011-6BF82EC7F86C}.Debug|Any CPU.Build.0 = Debug|Any CPU
		{F75AF498-D6C7-4B1E-A011-6BF82EC7F86C}.Release|Any CPU.ActiveCfg = Release|Any CPU
		{F75AF498-D6C7-4B1E-A011-6BF82EC7F86C}.Release|Any CPU.Build.0 = Release|Any CPU
		{D4A72199-65CB-4D25-BF31-58B513632516}.Debug|Any CPU.ActiveCfg = Debug|Any CPU
		{D4A72199-65CB-4D25-BF31-58B513632516}.Debug|Any CPU.Build.0 = Debug|Any CPU
		{D4A72199-65CB-4D25-BF31-58B513632516}.Release|Any CPU.ActiveCfg = Release|Any CPU
		{D4A72199-65CB-4D25-BF31-58B513632516}.Release|Any CPU.Build.0 = Release|Any CPU
	EndGlobalSection
	GlobalSection(SolutionProperties) = preSolution
		HideSolutionNode = FALSE
	EndGlobalSection
	GlobalSection(NestedProjects) = preSolution
		{499EB63C-D74C-47E8-AE48-A2FC94538E9D} = {92E16BB2-1724-4F83-945C-CD36F7465240}
		{F75AF498-D6C7-4B1E-A011-6BF82EC7F86C} = {92E16BB2-1724-4F83-945C-CD36F7465240}
		{D4A72199-65CB-4D25-BF31-58B513632516} = {92E16BB2-1724-4F83-945C-CD36F7465240}
		{90F80D2C-3433-48B8-9186-F5EAF0BF3CF1} = {92E16BB2-1724-4F83-945C-CD36F7465240}
	EndGlobalSection
EndGlobal
